// !$*UTF8*$!
{
	archiveVersion = 1;
	classes = {
	};
	objectVersion = 50;
	objects = {

/* Begin PBXBuildFile section */
		6CDDA3FE23A92DDC0071E1E0 /* AppDelegate.swift in Sources */ = {isa = PBXBuildFile; fileRef = 6CDDA3FD23A92DDC0071E1E0 /* AppDelegate.swift */; };
		6CDDA40023A92DDC0071E1E0 /* SceneDelegate.swift in Sources */ = {isa = PBXBuildFile; fileRef = 6CDDA3FF23A92DDC0071E1E0 /* SceneDelegate.swift */; };
		6CDDA40223A92DDC0071E1E0 /* ViewController.swift in Sources */ = {isa = PBXBuildFile; fileRef = 6CDDA40123A92DDC0071E1E0 /* ViewController.swift */; };
		6CDDA40523A92DDC0071E1E0 /* Main.storyboard in Resources */ = {isa = PBXBuildFile; fileRef = 6CDDA40323A92DDC0071E1E0 /* Main.storyboard */; };
		6CDDA40723A92DDE0071E1E0 /* Assets.xcassets in Resources */ = {isa = PBXBuildFile; fileRef = 6CDDA40623A92DDE0071E1E0 /* Assets.xcassets */; };
		6CDDA40A23A92DDE0071E1E0 /* LaunchScreen.storyboard in Resources */ = {isa = PBXBuildFile; fileRef = 6CDDA40823A92DDE0071E1E0 /* LaunchScreen.storyboard */; };
		6CDDA41723A92F1F0071E1E0 /* Opi9ApiCalls.swift in Sources */ = {isa = PBXBuildFile; fileRef = 6CDDA41323A92F1F0071E1E0 /* Opi9ApiCalls.swift */; };
		6CDDA41823A92F1F0071E1E0 /* NetworkInterface.swift in Sources */ = {isa = PBXBuildFile; fileRef = 6CDDA41423A92F1F0071E1E0 /* NetworkInterface.swift */; };
		6CDDA41923A92F1F0071E1E0 /* Opi9Error.swift in Sources */ = {isa = PBXBuildFile; fileRef = 6CDDA41523A92F1F0071E1E0 /* Opi9Error.swift */; };
		6CDDA41A23A92F1F0071E1E0 /* Opi9NetworkRequests.swift in Sources */ = {isa = PBXBuildFile; fileRef = 6CDDA41623A92F1F0071E1E0 /* Opi9NetworkRequests.swift */; };
/* End PBXBuildFile section */

/* Begin PBXFileReference section */
		6CDDA3FA23A92DDC0071E1E0 /* Mvc.app */ = {isa = PBXFileReference; explicitFileType = wrapper.application; includeInIndex = 0; path = Mvc.app; sourceTree = BUILT_PRODUCTS_DIR; };
		6CDDA3FD23A92DDC0071E1E0 /* AppDelegate.swift */ = {isa = PBXFileReference; lastKnownFileType = sourcecode.swift; path = AppDelegate.swift; sourceTree = "<group>"; };
		6CDDA3FF23A92DDC0071E1E0 /* SceneDelegate.swift */ = {isa = PBXFileReference; lastKnownFileType = sourcecode.swift; path = SceneDelegate.swift; sourceTree = "<group>"; };
		6CDDA40123A92DDC0071E1E0 /* ViewController.swift */ = {isa = PBXFileReference; lastKnownFileType = sourcecode.swift; path = ViewController.swift; sourceTree = "<group>"; };
		6CDDA40423A92DDC0071E1E0 /* Base */ = {isa = PBXFileReference; lastKnownFileType = file.storyboard; name = Base; path = Base.lproj/Main.storyboard; sourceTree = "<group>"; };
		6CDDA40623A92DDE0071E1E0 /* Assets.xcassets */ = {isa = PBXFileReference; lastKnownFileType = folder.assetcatalog; path = Assets.xcassets; sourceTree = "<group>"; };
		6CDDA40923A92DDE0071E1E0 /* Base */ = {isa = PBXFileReference; lastKnownFileType = file.storyboard; name = Base; path = Base.lproj/LaunchScreen.storyboard; sourceTree = "<group>"; };
		6CDDA40B23A92DDE0071E1E0 /* Info.plist */ = {isa = PBXFileReference; lastKnownFileType = text.plist.xml; path = Info.plist; sourceTree = "<group>"; };
		6CDDA41323A92F1F0071E1E0 /* Opi9ApiCalls.swift */ = {isa = PBXFileReference; fileEncoding = 4; lastKnownFileType = sourcecode.swift; path = Opi9ApiCalls.swift; sourceTree = "<group>"; };
		6CDDA41423A92F1F0071E1E0 /* NetworkInterface.swift */ = {isa = PBXFileReference; fileEncoding = 4; lastKnownFileType = sourcecode.swift; path = NetworkInterface.swift; sourceTree = "<group>"; };
		6CDDA41523A92F1F0071E1E0 /* Opi9Error.swift */ = {isa = PBXFileReference; fileEncoding = 4; lastKnownFileType = sourcecode.swift; path = Opi9Error.swift; sourceTree = "<group>"; };
		6CDDA41623A92F1F0071E1E0 /* Opi9NetworkRequests.swift */ = {isa = PBXFileReference; fileEncoding = 4; lastKnownFileType = sourcecode.swift; path = Opi9NetworkRequests.swift; sourceTree = "<group>"; };
/* End PBXFileReference section */

/* Begin PBXFrameworksBuildPhase section */
		6CDDA3F723A92DDC0071E1E0 /* Frameworks */ = {
			isa = PBXFrameworksBuildPhase;
			buildActionMask = 2147483647;
			files = (
			);
			runOnlyForDeploymentPostprocessing = 0;
		};
/* End PBXFrameworksBuildPhase section */

/* Begin PBXGroup section */
		6CDDA3F123A92DDC0071E1E0 = {
			isa = PBXGroup;
			children = (
				6CDDA41223A92F060071E1E0 /* APIHandler */,
				6CDDA41123A92DF50071E1E0 /* Model */,
				6CDDA3FC23A92DDC0071E1E0 /* Mvc */,
				6CDDA3FB23A92DDC0071E1E0 /* Products */,
			);
			sourceTree = "<group>";
		};
		6CDDA3FB23A92DDC0071E1E0 /* Products */ = {
			isa = PBXGroup;
			children = (
				6CDDA3FA23A92DDC0071E1E0 /* Mvc.app */,
			);
			name = Products;
			sourceTree = "<group>";
		};
		6CDDA3FC23A92DDC0071E1E0 /* Mvc */ = {
			isa = PBXGroup;
			children = (
				6CDDA3FD23A92DDC0071E1E0 /* AppDelegate.swift */,
				6CDDA3FF23A92DDC0071E1E0 /* SceneDelegate.swift */,
				6CDDA40123A92DDC0071E1E0 /* ViewController.swift */,
				6CDDA40323A92DDC0071E1E0 /* Main.storyboard */,
				6CDDA40623A92DDE0071E1E0 /* Assets.xcassets */,
				6CDDA40823A92DDE0071E1E0 /* LaunchScreen.storyboard */,
				6CDDA40B23A92DDE0071E1E0 /* Info.plist */,
			);
			path = Mvc;
			sourceTree = "<group>";
		};
		6CDDA41123A92DF50071E1E0 /* Model */ = {
			isa = PBXGroup;
			children = (
			);
			path = Model;
			sourceTree = "<group>";
		};
		6CDDA41223A92F060071E1E0 /* APIHandler */ = {
			isa = PBXGroup;
			children = (
				6CDDA41323A92F1F0071E1E0 /* Opi9ApiCalls.swift */,
				6CDDA41523A92F1F0071E1E0 /* Opi9Error.swift */,
				6CDDA41623A92F1F0071E1E0 /* Opi9NetworkRequests.swift */,
				6CDDA41423A92F1F0071E1E0 /* NetworkInterface.swift */,
			);
			path = APIHandler;
			sourceTree = "<group>";
		};
/* End PBXGroup section */

/* Begin PBXNativeTarget section */
		6CDDA3F923A92DDC0071E1E0 /* Mvc */ = {
			isa = PBXNativeTarget;
			buildConfigurationList = 6CDDA40E23A92DDE0071E1E0 /* Build configuration list for PBXNativeTarget "Mvc" */;
			buildPhases = (
				6CDDA3F623A92DDC0071E1E0 /* Sources */,
				6CDDA3F723A92DDC0071E1E0 /* Frameworks */,
				6CDDA3F823A92DDC0071E1E0 /* Resources */,
			);
			buildRules = (
			);
			dependencies = (
			);
			name = Mvc;
			productName = Mvc;
			productReference = 6CDDA3FA23A92DDC0071E1E0 /* Mvc.app */;
			productType = "com.apple.product-type.application";
		};
/* End PBXNativeTarget section */

/* Begin PBXProject section */
		6CDDA3F223A92DDC0071E1E0 /* Project object */ = {
			isa = PBXProject;
			attributes = {
				LastSwiftUpdateCheck = 1100;
				LastUpgradeCheck = 1100;
				ORGANIZATIONNAME = "Kvana mac Air 4";
				TargetAttributes = {
					6CDDA3F923A92DDC0071E1E0 = {
						CreatedOnToolsVersion = 11.0;
					};
				};
			};
			buildConfigurationList = 6CDDA3F523A92DDC0071E1E0 /* Build configuration list for PBXProject "Mvc" */;
			compatibilityVersion = "Xcode 9.3";
			developmentRegion = en;
			hasScannedForEncodings = 0;
			knownRegions = (
				en,
				Base,
			);
			mainGroup = 6CDDA3F123A92DDC0071E1E0;
			productRefGroup = 6CDDA3FB23A92DDC0071E1E0 /* Products */;
			projectDirPath = "";
			projectRoot = "";
			targets = (
				6CDDA3F923A92DDC0071E1E0 /* Mvc */,
			);
		};
/* End PBXProject section */

/* Begin PBXResourcesBuildPhase section */
		6CDDA3F823A92DDC0071E1E0 /* Resources */ = {
			isa = PBXResourcesBuildPhase;
			buildActionMask = 2147483647;
			files = (
				6CDDA40A23A92DDE0071E1E0 /* LaunchScreen.storyboard in Resources */,
				6CDDA40723A92DDE0071E1E0 /* Assets.xcassets in Resources */,
				6CDDA40523A92DDC0071E1E0 /* Main.storyboard in Resources */,
			);
			runOnlyForDeploymentPostprocessing = 0;
		};
/* End PBXResourcesBuildPhase section */

/* Begin PBXSourcesBuildPhase section */
		6CDDA3F623A92DDC0071E1E0 /* Sources */ = {
			isa = PBXSourcesBuildPhase;
			buildActionMask = 2147483647;
			files = (
				6CDDA40223A92DDC0071E1E0 /* ViewController.swift in Sources */,
				6CDDA41A23A92F1F0071E1E0 /* Opi9NetworkRequests.swift in Sources */,
				6CDDA3FE23A92DDC0071E1E0 /* AppDelegate.swift in Sources */,
				6CDDA40023A92DDC0071E1E0 /* SceneDelegate.swift in Sources */,
				6CDDA41823A92F1F0071E1E0 /* NetworkInterface.swift in Sources */,
				6CDDA41723A92F1F0071E1E0 /* Opi9ApiCalls.swift in Sources */,
				6CDDA41923A92F1F0071E1E0 /* Opi9Error.swift in Sources */,
			);
			runOnlyForDeploymentPostprocessing = 0;
		};
/* End PBXSourcesBuildPhase section */

/* Begin PBXVariantGroup section */
		6CDDA40323A92DDC0071E1E0 /* Main.storyboard */ = {
			isa = PBXVariantGroup;
			children = (
				6CDDA40423A92DDC0071E1E0 /* Base */,
			);
			name = Main.storyboard;
			sourceTree = "<group>";
		};
		6CDDA40823A92DDE0071E1E0 /* LaunchScreen.storyboard */ = {
			isa = PBXVariantGroup;
			children = (
				6CDDA40923A92DDE0071E1E0 /* Base */,
			);
			name = LaunchScreen.storyboard;
			sourceTree = "<group>";
		};
/* End PBXVariantGroup section */

/* Begin XCBuildConfiguration section */
		6CDDA40C23A92DDE0071E1E0 /* Debug */ = {
			isa = XCBuildConfiguration;
			buildSettings = {
				ALWAYS_SEARCH_USER_PATHS = NO;
				CLANG_ANALYZER_NONNULL = YES;
				CLANG_ANALYZER_NUMBER_OBJECT_CONVERSION = YES_AGGRESSIVE;
				CLANG_CXX_LANGUAGE_STANDARD = "gnu++14";
				CLANG_CXX_LIBRARY = "libc++";
				CLANG_ENABLE_MODULES = YES;
				CLANG_ENABLE_OBJC_ARC = YES;
				CLANG_ENABLE_OBJC_WEAK = YES;
				CLANG_WARN_BLOCK_CAPTURE_AUTORELEASING = YES;
				CLANG_WARN_BOOL_CONVERSION = YES;
				CLANG_WARN_COMMA = YES;
				CLANG_WARN_CONSTANT_CONVERSION = YES;
				CLANG_WARN_DEPRECATED_OBJC_IMPLEMENTATIONS = YES;
				CLANG_WARN_DIRECT_OBJC_ISA_USAGE = YES_ERROR;
				CLANG_WARN_DOCUMENTATION_COMMENTS = YES;
				CLANG_WARN_EMPTY_BODY = YES;
				CLANG_WARN_ENUM_CONVERSION = YES;
				CLANG_WARN_INFINITE_RECURSION = YES;
				CLANG_WARN_INT_CONVERSION = YES;
				CLANG_WARN_NON_LITERAL_NULL_CONVERSION = YES;
				CLANG_WARN_OBJC_IMPLICIT_RETAIN_SELF = YES;
				CLANG_WARN_OBJC_LITERAL_CONVERSION = YES;
				CLANG_WARN_OBJC_ROOT_CLASS = YES_ERROR;
				CLANG_WARN_RANGE_LOOP_ANALYSIS = YES;
				CLANG_WARN_STRICT_PROTOTYPES = YES;
				CLANG_WARN_SUSPICIOUS_MOVE = YES;
				CLANG_WARN_UNGUARDED_AVAILABILITY = YES_AGGRESSIVE;
				CLANG_WARN_UNREACHABLE_CODE = YES;
				CLANG_WARN__DUPLICATE_METHOD_MATCH = YES;
				COPY_PHASE_STRIP = NO;
				DEBUG_INFORMATION_FORMAT = dwarf;
				ENABLE_STRICT_OBJC_MSGSEND = YES;
				ENABLE_TESTABILITY = YES;
				GCC_C_LANGUAGE_STANDARD = gnu11;
				GCC_DYNAMIC_NO_PIC = NO;
				GCC_NO_COMMON_BLOCKS = YES;
				GCC_OPTIMIZATION_LEVEL = 0;
				GCC_PREPROCESSOR_DEFINITIONS = (
					"DEBUG=1",
					"$(inherited)",
				);
				GCC_WARN_64_TO_32_BIT_CONVERSION = YES;
				GCC_WARN_ABOUT_RETURN_TYPE = YES_ERROR;
				GCC_WARN_UNDECLARED_SELECTOR = YES;
				GCC_WARN_UNINITIALIZED_AUTOS = YES_AGGRESSIVE;
				GCC_WARN_UNUSED_FUNCTION = YES;
				GCC_WARN_UNUSED_VARIABLE = YES;
				IPHONEOS_DEPLOYMENT_TARGET = 13.0;
				MTL_ENABLE_DEBUG_INFO = INCLUDE_SOURCE;
				MTL_FAST_MATH = YES;
				ONLY_ACTIVE_ARCH = YES;
				SDKROOT = iphoneos;
				SWIFT_ACTIVE_COMPILATION_CONDITIONS = DEBUG;
				SWIFT_OPTIMIZATION_LEVEL = "-Onone";
			};
			name = Debug;
		};
		6CDDA40D23A92DDE0071E1E0 /* Release */ = {
			isa = XCBuildConfiguration;
			buildSettings = {
				ALWAYS_SEARCH_USER_PATHS = NO;
				CLANG_ANALYZER_NONNULL = YES;
				CLANG_ANALYZER_NUMBER_OBJECT_CONVERSION = YES_AGGRESSIVE;
				CLANG_CXX_LANGUAGE_STANDARD = "gnu++14";
				CLANG_CXX_LIBRARY = "libc++";
				CLANG_ENABLE_MODULES = YES;
				CLANG_ENABLE_OBJC_ARC = YES;
				CLANG_ENABLE_OBJC_WEAK = YES;
				CLANG_WARN_BLOCK_CAPTURE_AUTORELEASING = YES;
				CLANG_WARN_BOOL_CONVERSION = YES;
				CLANG_WARN_COMMA = YES;
				CLANG_WARN_CONSTANT_CONVERSION = YES;
				CLANG_WARN_DEPRECATED_OBJC_IMPLEMENTATIONS = YES;
				CLANG_WARN_DIRECT_OBJC_ISA_USAGE = YES_ERROR;
				CLANG_WARN_DOCUMENTATION_COMMENTS = YES;
				CLANG_WARN_EMPTY_BODY = YES;
				CLANG_WARN_ENUM_CONVERSION = YES;
				CLANG_WARN_INFINITE_RECURSION = YES;
				CLANG_WARN_INT_CONVERSION = YES;
				CLANG_WARN_NON_LITERAL_NULL_CONVERSION = YES;
				CLANG_WARN_OBJC_IMPLICIT_RETAIN_SELF = YES;
				CLANG_WARN_OBJC_LITERAL_CONVERSION = YES;
				CLANG_WARN_OBJC_ROOT_CLASS = YES_ERROR;
				CLANG_WARN_RANGE_LOOP_ANALYSIS = YES;
				CLANG_WARN_STRICT_PROTOTYPES = YES;
				CLANG_WARN_SUSPICIOUS_MOVE = YES;
				CLANG_WARN_UNGUARDED_AVAILABILITY = YES_AGGRESSIVE;
				CLANG_WARN_UNREACHABLE_CODE = YES;
				CLANG_WARN__DUPLICATE_METHOD_MATCH = YES;
				COPY_PHASE_STRIP = NO;
				DEBUG_INFORMATION_FORMAT = "dwarf-with-dsym";
				ENABLE_NS_ASSERTIONS = NO;
				ENABLE_STRICT_OBJC_MSGSEND = YES;
				GCC_C_LANGUAGE_STANDARD = gnu11;
				GCC_NO_COMMON_BLOCKS = YES;
				GCC_WARN_64_TO_32_BIT_CONVERSION = YES;
				GCC_WARN_ABOUT_RETURN_TYPE = YES_ERROR;
				GCC_WARN_UNDECLARED_SELECTOR = YES;
				GCC_WARN_UNINITIALIZED_AUTOS = YES_AGGRESSIVE;
				GCC_WARN_UNUSED_FUNCTION = YES;
				GCC_WARN_UNUSED_VARIABLE = YES;
				IPHONEOS_DEPLOYMENT_TARGET = 13.0;
				MTL_ENABLE_DEBUG_INFO = NO;
				MTL_FAST_MATH = YES;
				SDKROOT = iphoneos;
				SWIFT_COMPILATION_MODE = wholemodule;
				SWIFT_OPTIMIZATION_LEVEL = "-O";
				VALIDATE_PRODUCT = YES;
			};
			name = Release;
		};
		6CDDA40F23A92DDE0071E1E0 /* Debug */ = {
			isa = XCBuildConfiguration;
			buildSettings = {
				ASSETCATALOG_COMPILER_APPICON_NAME = AppIcon;
				CODE_SIGN_STYLE = Automatic;
				DEVELOPMENT_TEAM = AX766J88NA;
				INFOPLIST_FILE = Mvc/Info.plist;
				LD_RUNPATH_SEARCH_PATHS = (
					"$(inherited)",
					"@executable_path/Frameworks",
				);
				PRODUCT_BUNDLE_IDENTIFIER = kvana.Mvc;
				PRODUCT_NAME = "$(TARGET_NAME)";
				SWIFT_VERSION = 5.0;
				TARGETED_DEVICE_FAMILY = "1,2";
			};
			name = Debug;
		};
		6CDDA41023A92DDE0071E1E0 /* Release */ = {
			isa = XCBuildConfiguration;
			buildSettings = {
				ASSETCATALOG_COMPILER_APPICON_NAME = AppIcon;
				CODE_SIGN_STYLE = Automatic;
				DEVELOPMENT_TEAM = AX766J88NA;
				INFOPLIST_FILE = Mvc/Info.plist;
				LD_RUNPATH_SEARCH_PATHS = (
					"$(inherited)",
					"@executable_path/Frameworks",
				);
				PRODUCT_BUNDLE_IDENTIFIER = kvana.Mvc;
				PRODUCT_NAME = "$(TARGET_NAME)";
				SWIFT_VERSION = 5.0;
				TARGETED_DEVICE_FAMILY = "1,2";
			};
			name = Release;
		};
/* End XCBuildConfiguration section */

/* Begin XCConfigurationList section */
		6CDDA3F523A92DDC0071E1E0 /* Build configuration list for PBXProject "Mvc" */ = {
			isa = XCConfigurationList;
			buildConfigurations = (
				6CDDA40C23A92DDE0071E1E0 /* Debug */,
				6CDDA40D23A92DDE0071E1E0 /* Release */,
			);
			defaultConfigurationIsVisible = 0;
			defaultConfigurationName = Release;
		};
		6CDDA40E23A92DDE0071E1E0 /* Build configuration list for PBXNativeTarget "Mvc" */ = {
			isa = XCConfigurationList;
			buildConfigurations = (
				6CDDA40F23A92DDE0071E1E0 /* Debug */,
				6CDDA41023A92DDE0071E1E0 /* Release */,
			);
			defaultConfigurationIsVisible = 0;
			defaultConfigurationName = Release;
		};
/* End XCConfigurationList section */
	};
	rootObject = 6CDDA3F223A92DDC0071E1E0 /* Project object */;
}
